PODS:
  - flutter_local_notifications (0.0.1):
    - FlutterMacOS
  - FlutterMacOS (1.0.0)
  - path_provider_foundation (0.0.1):
    - Flutter
    - FlutterMacOS
  - share_plus (0.0.1):
    - FlutterMacOS
  - shared_preferences_foundation (0.0.1):
    - Flutter
    - FlutterMacOS
  - url_launcher_macos (0.0.1):
    - FlutterMacOS

DEPENDENCIES:
  - flutter_local_notifications (from `Flutter/ephemeral/.symlinks/plugins/flutter_local_notifications/macos`)
  - FlutterMacOS (from `Flutter/ephemeral`)
  - path_provider_foundation (from `Flutter/ephemeral/.symlinks/plugins/path_provider_foundation/darwin`)
  - share_plus (from `Flutter/ephemeral/.symlinks/plugins/share_plus/macos`)
  - shared_preferences_foundation (from `Flutter/ephemeral/.symlinks/plugins/shared_preferences_foundation/darwin`)
  - url_launcher_macos (from `Flutter/ephemeral/.symlinks/plugins/url_launcher_macos/macos`)

EXTERNAL SOURCES:
  flutter_local_notifications:
    :path: Flutter/ephemeral/.symlinks/plugins/flutter_local_notifications/macos
  FlutterMacOS:
    :path: Flutter/ephemeral
  path_provider_foundation:
    :path: Flutter/ephemeral/.symlinks/plugins/path_provider_foundation/darwin
  share_plus:
    :path: Flutter/ephemeral/.symlinks/plugins/share_plus/macos
  shared_preferences_foundation:
    :path: Flutter/ephemeral/.symlinks/plugins/shared_preferences_foundation/darwin
  url_launcher_macos:
    :path: Flutter/ephemeral/.symlinks/plugins/url_launcher_macos/macos

SPEC CHECKSUMS:
  flutter_local_notifications: 7e5a17a1dbc00d83dc10d43c2c4c05f2ceed233c
  FlutterMacOS: d0db08ddef1a9af05a5ec4b724367152bb0500b1
  path_provider_foundation: 080d55be775b7414fd5a5ef3ac137b97b097e564
  share_plus: 510bf0af1a42cd602274b4629920c9649c52f4cc
  shared_preferences_foundation: 9e1978ff2562383bd5676f64ec4e9aa8fa06a6f7
  url_launcher_macos: 0fba8ddabfc33ce0a9afe7c5fef5aab3d8d2d673

PODFILE CHECKSUM: 54d867c82ac51cbd61b565781b9fada492027009

COCOAPODS: 1.16.2
